
Microsoft Visual Studio Solution File, Format Version 12.00
# Visual Studio Version 17
VisualStudioVersion = 17.10.35122.118
MinimumVisualStudioVersion = 10.0.40219.1
Project("{2150E333-8FDC-42A3-9474-1A3956D46DE8}") = "ApiConsume", "ApiConsume", "{9E4562B6-9B21-4378-999D-7156E844B27F}"
EndProject
Project("{2150E333-8FDC-42A3-9474-1A3956D46DE8}") = "FrontEnd", "FrontEnd", "{3FE4AFB4-0325-48D1-902A-C90DF27625D1}"
EndProject
Project("{2150E333-8FDC-42A3-9474-1A3956D46DE8}") = "ToDoList", "ToDoList", "{94B02940-1F65-4284-A1FE-8AD0901E121E}"
	ProjectSection(SolutionItems) = preProject
		Steps.txt = Steps.txt
	EndProjectSection
EndProject
Project("{9A19103F-16F7-4668-BE54-9A1E7A4F7556}") = "HotelProject.EntityLayer", "ApiConsume\HotelProject.EntityLayer\HotelProject.EntityLayer.csproj", "{3977F12B-E39E-46E4-AA05-C0BC82E8F1B7}"
EndProject
Project("{9A19103F-16F7-4668-BE54-9A1E7A4F7556}") = "HotelProject.DataAccessLayer", "ApiConsume\HotelProject.DataAccessLayer\HotelProject.DataAccessLayer.csproj", "{4CC1AD87-BE1B-44BF-B548-B87354061AA0}"
EndProject
Project("{9A19103F-16F7-4668-BE54-9A1E7A4F7556}") = "HotelProject.BusinessLayer", "HotelProject.BusinessLayer\HotelProject.BusinessLayer.csproj", "{90EADEED-3B46-4ABD-9E02-FC6432869C0E}"
EndProject
Project("{9A19103F-16F7-4668-BE54-9A1E7A4F7556}") = "HotelProject.DTOLayer", "HotelProject.DTOLayer\HotelProject.DTOLayer.csproj", "{44FA5F3B-FB03-4129-92B3-070990C923D9}"
EndProject
Project("{9A19103F-16F7-4668-BE54-9A1E7A4F7556}") = "HotelProject.WebAPI", "ApiConsume\HotelProject.WebAPI\HotelProject.WebAPI.csproj", "{E38816B1-39DB-4028-8A32-4145B0A5FBB4}"
EndProject
Project("{9A19103F-16F7-4668-BE54-9A1E7A4F7556}") = "HotelProject.WebUI", "FrontEnd\HotelProject.WebUI\HotelProject.WebUI.csproj", "{9C40DF67-E6B8-40B9-860E-BA0F11A7C00D}"
EndProject
Global
	GlobalSection(SolutionConfigurationPlatforms) = preSolution
		Debug|Any CPU = Debug|Any CPU
		Release|Any CPU = Release|Any CPU
	EndGlobalSection
	GlobalSection(ProjectConfigurationPlatforms) = postSolution
		{3977F12B-E39E-46E4-AA05-C0BC82E8F1B7}.Debug|Any CPU.ActiveCfg = Debug|Any CPU
		{3977F12B-E39E-46E4-AA05-C0BC82E8F1B7}.Debug|Any CPU.Build.0 = Debug|Any CPU
		{3977F12B-E39E-46E4-AA05-C0BC82E8F1B7}.Release|Any CPU.ActiveCfg = Release|Any CPU
		{3977F12B-E39E-46E4-AA05-C0BC82E8F1B7}.Release|Any CPU.Build.0 = Release|Any CPU
		{4CC1AD87-BE1B-44BF-B548-B87354061AA0}.Debug|Any CPU.ActiveCfg = Debug|Any CPU
		{4CC1AD87-BE1B-44BF-B548-B87354061AA0}.Debug|Any CPU.Build.0 = Debug|Any CPU
		{4CC1AD87-BE1B-44BF-B548-B87354061AA0}.Release|Any CPU.ActiveCfg = Release|Any CPU
		{4CC1AD87-BE1B-44BF-B548-B87354061AA0}.Release|Any CPU.Build.0 = Release|Any CPU
		{90EADEED-3B46-4ABD-9E02-FC6432869C0E}.Debug|Any CPU.ActiveCfg = Debug|Any CPU
		{90EADEED-3B46-4ABD-9E02-FC6432869C0E}.Debug|Any CPU.Build.0 = Debug|Any CPU
		{90EADEED-3B46-4ABD-9E02-FC6432869C0E}.Release|Any CPU.ActiveCfg = Release|Any CPU
		{90EADEED-3B46-4ABD-9E02-FC6432869C0E}.Release|Any CPU.Build.0 = Release|Any CPU
		{44FA5F3B-FB03-4129-92B3-070990C923D9}.Debug|Any CPU.ActiveCfg = Debug|Any CPU
		{44FA5F3B-FB03-4129-92B3-070990C923D9}.Debug|Any CPU.Build.0 = Debug|Any CPU
		{44FA5F3B-FB03-4129-92B3-070990C923D9}.Release|Any CPU.ActiveCfg = Release|Any CPU
		{44FA5F3B-FB03-4129-92B3-070990C923D9}.Release|Any CPU.Build.0 = Release|Any CPU
		{E38816B1-39DB-4028-8A32-4145B0A5FBB4}.Debug|Any CPU.ActiveCfg = Debug|Any CPU
		{E38816B1-39DB-4028-8A32-4145B0A5FBB4}.Debug|Any CPU.Build.0 = Debug|Any CPU
		{E38816B1-39DB-4028-8A32-4145B0A5FBB4}.Release|Any CPU.ActiveCfg = Release|Any CPU
		{E38816B1-39DB-4028-8A32-4145B0A5FBB4}.Release|Any CPU.Build.0 = Release|Any CPU
		{9C40DF67-E6B8-40B9-860E-BA0F11A7C00D}.Debug|Any CPU.ActiveCfg = Debug|Any CPU
		{9C40DF67-E6B8-40B9-860E-BA0F11A7C00D}.Debug|Any CPU.Build.0 = Debug|Any CPU
		{9C40DF67-E6B8-40B9-860E-BA0F11A7C00D}.Release|Any CPU.ActiveCfg = Release|Any CPU
		{9C40DF67-E6B8-40B9-860E-BA0F11A7C00D}.Release|Any CPU.Build.0 = Release|Any CPU
	EndGlobalSection
	GlobalSection(SolutionProperties) = preSolution
		HideSolutionNode = FALSE
	EndGlobalSection
	GlobalSection(NestedProjects) = preSolution
		{3977F12B-E39E-46E4-AA05-C0BC82E8F1B7} = {9E4562B6-9B21-4378-999D-7156E844B27F}
		{4CC1AD87-BE1B-44BF-B548-B87354061AA0} = {9E4562B6-9B21-4378-999D-7156E844B27F}
		{90EADEED-3B46-4ABD-9E02-FC6432869C0E} = {9E4562B6-9B21-4378-999D-7156E844B27F}
		{44FA5F3B-FB03-4129-92B3-070990C923D9} = {9E4562B6-9B21-4378-999D-7156E844B27F}
		{E38816B1-39DB-4028-8A32-4145B0A5FBB4} = {9E4562B6-9B21-4378-999D-7156E844B27F}
		{9C40DF67-E6B8-40B9-860E-BA0F11A7C00D} = {3FE4AFB4-0325-48D1-902A-C90DF27625D1}
	EndGlobalSection
	GlobalSection(ExtensibilityGlobals) = postSolution
		SolutionGuid = {ADB0ABEC-7118-4B07-B1E4-DAAEBFBD060F}
	EndGlobalSection
EndGlobal
